
Microsoft Visual Studio Solution File, Format Version 12.00
# Visual Studio 15
VisualStudioVersion = 15.0.27703.2026
MinimumVisualStudioVersion = 10.0.40219.1
Project("{FAE04EC0-301F-11D3-BF4B-00C04F79EFBC}") = "DemoZoomImage.Android", "DemoZoomImage\DemoZoomImage.Android\DemoZoomImage.Android.csproj", "{B800832B-25F4-43C0-8C30-5492CA40E821}"
EndProject
Project("{FAE04EC0-301F-11D3-BF4B-00C04F79EFBC}") = "DemoZoomImage.iOS", "DemoZoomImage\DemoZoomImage.iOS\DemoZoomImage.iOS.csproj", "{699919D4-460E-4584-85A2-5685F8C7EE6B}"
EndProject
Project("{FAE04EC0-301F-11D3-BF4B-00C04F79EFBC}") = "DemoZoomImage", "DemoZoomImage\DemoZoomImage\DemoZoomImage.csproj", "{8E04B17A-3E02-4AE6-9AFB-774E4D4DFE85}"
EndProject
Global
	GlobalSection(SolutionConfigurationPlatforms) = preSolution
		Ad-Hoc|Any CPU = Ad-Hoc|Any CPU
		Ad-Hoc|iPhone = Ad-Hoc|iPhone
		Ad-Hoc|iPhoneSimulator = Ad-Hoc|iPhoneSimulator
		AppStore|Any CPU = AppStore|Any CPU
		AppStore|iPhone = AppStore|iPhone
		AppStore|iPhoneSimulator = AppStore|iPhoneSimulator
		Debug|Any CPU = Debug|Any CPU
		Debug|iPhone = Debug|iPhone
		Debug|iPhoneSimulator = Debug|iPhoneSimulator
		Release|Any CPU = Release|Any CPU
		Release|iPhone = Release|iPhone
		Release|iPhoneSimulator = Release|iPhoneSimulator
	EndGlobalSection
	GlobalSection(ProjectConfigurationPlatforms) = postSolution
		{B800832B-25F4-43C0-8C30-5492CA40E821}.Ad-Hoc|Any CPU.ActiveCfg = Release|Any CPU
		{B800832B-25F4-43C0-8C30-5492CA40E821}.Ad-Hoc|Any CPU.Build.0 = Release|Any CPU
		{B800832B-25F4-43C0-8C30-5492CA40E821}.Ad-Hoc|Any CPU.Deploy.0 = Release|Any CPU
		{B800832B-25F4-43C0-8C30-5492CA40E821}.Ad-Hoc|iPhone.ActiveCfg = Release|Any CPU
		{B800832B-25F4-43C0-8C30-5492CA40E821}.Ad-Hoc|iPhone.Build.0 = Release|Any CPU
		{B800832B-25F4-43C0-8C30-5492CA40E821}.Ad-Hoc|iPhone.Deploy.0 = Release|Any CPU
		{B800832B-25F4-43C0-8C30-5492CA40E821}.Ad-Hoc|iPhoneSimulator.ActiveCfg = Release|Any CPU
		{B800832B-25F4-43C0-8C30-5492CA40E821}.Ad-Hoc|iPhoneSimulator.Build.0 = Release|Any CPU
		{B800832B-25F4-43C0-8C30-5492CA40E821}.Ad-Hoc|iPhoneSimulator.Deploy.0 = Release|Any CPU
		{B800832B-25F4-43C0-8C30-5492CA40E821}.AppStore|Any CPU.ActiveCfg = Release|Any CPU
		{B800832B-25F4-43C0-8C30-5492CA40E821}.AppStore|Any CPU.Build.0 = Release|Any CPU
		{B800832B-25F4-43C0-8C30-5492CA40E821}.AppStore|Any CPU.Deploy.0 = Release|Any CPU
		{B800832B-25F4-43C0-8C30-5492CA40E821}.AppStore|iPhone.ActiveCfg = Release|Any CPU
		{B800832B-25F4-43C0-8C30-5492CA40E821}.AppStore|iPhone.Build.0 = Release|Any CPU
		{B800832B-25F4-43C0-8C30-5492CA40E821}.AppStore|iPhone.Deploy.0 = Release|Any CPU
		{B800832B-25F4-43C0-8C30-5492CA40E821}.AppStore|iPhoneSimulator.ActiveCfg = Release|Any CPU
		{B800832B-25F4-43C0-8C30-5492CA40E821}.AppStore|iPhoneSimulator.Build.0 = Release|Any CPU
		{B800832B-25F4-43C0-8C30-5492CA40E821}.AppStore|iPhoneSimulator.Deploy.0 = Release|Any CPU
		{B800832B-25F4-43C0-8C30-5492CA40E821}.Debug|Any CPU.ActiveCfg = Debug|Any CPU
		{B800832B-25F4-43C0-8C30-5492CA40E821}.Debug|Any CPU.Build.0 = Debug|Any CPU
		{B800832B-25F4-43C0-8C30-5492CA40E821}.Debug|Any CPU.Deploy.0 = Debug|Any CPU
		{B800832B-25F4-43C0-8C30-5492CA40E821}.Debug|iPhone.ActiveCfg = Debug|Any CPU
		{B800832B-25F4-43C0-8C30-5492CA40E821}.Debug|iPhone.Build.0 = Debug|Any CPU
		{B800832B-25F4-43C0-8C30-5492CA40E821}.Debug|iPhone.Deploy.0 = Debug|Any CPU
		{B800832B-25F4-43C0-8C30-5492CA40E821}.Debug|iPhoneSimulator.ActiveCfg = Debug|Any CPU
		{B800832B-25F4-43C0-8C30-5492CA40E821}.Debug|iPhoneSimulator.Build.0 = Debug|Any CPU
		{B800832B-25F4-43C0-8C30-5492CA40E821}.Debug|iPhoneSimulator.Deploy.0 = Debug|Any CPU
		{B800832B-25F4-43C0-8C30-5492CA40E821}.Release|Any CPU.ActiveCfg = Release|Any CPU
		{B800832B-25F4-43C0-8C30-5492CA40E821}.Release|Any CPU.Build.0 = Release|Any CPU
		{B800832B-25F4-43C0-8C30-5492CA40E821}.Release|Any CPU.Deploy.0 = Release|Any CPU
		{B800832B-25F4-43C0-8C30-5492CA40E821}.Release|iPhone.ActiveCfg = Release|Any CPU
		{B800832B-25F4-43C0-8C30-5492CA40E821}.Release|iPhone.Build.0 = Release|Any CPU
		{B800832B-25F4-43C0-8C30-5492CA40E821}.Release|iPhone.Deploy.0 = Release|Any CPU
		{B800832B-25F4-43C0-8C30-5492CA40E821}.Release|iPhoneSimulator.ActiveCfg = Release|Any CPU
		{B800832B-25F4-43C0-8C30-5492CA40E821}.Release|iPhoneSimulator.Build.0 = Release|Any CPU
		{B800832B-25F4-43C0-8C30-5492CA40E821}.Release|iPhoneSimulator.Deploy.0 = Release|Any CPU
		{699919D4-460E-4584-85A2-5685F8C7EE6B}.Ad-Hoc|Any CPU.ActiveCfg = Ad-Hoc|iPhone
		{699919D4-460E-4584-85A2-5685F8C7EE6B}.Ad-Hoc|Any CPU.Build.0 = Ad-Hoc|iPhone
		{699919D4-460E-4584-85A2-5685F8C7EE6B}.Ad-Hoc|Any CPU.Deploy.0 = Ad-Hoc|iPhone
		{699919D4-460E-4584-85A2-5685F8C7EE6B}.Ad-Hoc|iPhone.ActiveCfg = Ad-Hoc|iPhone
		{699919D4-460E-4584-85A2-5685F8C7EE6B}.Ad-Hoc|iPhone.Build.0 = Ad-Hoc|iPhone
		{699919D4-460E-4584-85A2-5685F8C7EE6B}.Ad-Hoc|iPhone.Deploy.0 = Ad-Hoc|iPhone
		{699919D4-460E-4584-85A2-5685F8C7EE6B}.Ad-Hoc|iPhoneSimulator.ActiveCfg = Ad-Hoc|iPhoneSimulator
		{699919D4-460E-4584-85A2-5685F8C7EE6B}.Ad-Hoc|iPhoneSimulator.Build.0 = Ad-Hoc|iPhoneSimulator
		{699919D4-460E-4584-85A2-5685F8C7EE6B}.Ad-Hoc|iPhoneSimulator.Deploy.0 = Ad-Hoc|iPhoneSimulator
		{699919D4-460E-4584-85A2-5685F8C7EE6B}.AppStore|Any CPU.ActiveCfg = AppStore|iPhone
		{699919D4-460E-4584-85A2-5685F8C7EE6B}.AppStore|Any CPU.Build.0 = AppStore|iPhone
		{699919D4-460E-4584-85A2-5685F8C7EE6B}.AppStore|Any CPU.Deploy.0 = AppStore|iPhone
		{699919D4-460E-4584-85A2-5685F8C7EE6B}.AppStore|iPhone.ActiveCfg = AppStore|iPhone
		{699919D4-460E-4584-85A2-5685F8C7EE6B}.AppStore|iPhone.Build.0 = AppStore|iPhone
		{699919D4-460E-4584-85A2-5685F8C7EE6B}.AppStore|iPhone.Deploy.0 = AppStore|iPhone
		{699919D4-460E-4584-85A2-5685F8C7EE6B}.AppStore|iPhoneSimulator.ActiveCfg = AppStore|iPhoneSimulator
		{699919D4-460E-4584-85A2-5685F8C7EE6B}.AppStore|iPhoneSimulator.Build.0 = AppStore|iPhoneSimulator
		{699919D4-460E-4584-85A2-5685F8C7EE6B}.AppStore|iPhoneSimulator.Deploy.0 = AppStore|iPhoneSimulator
		{699919D4-460E-4584-85A2-5685F8C7EE6B}.Debug|Any CPU.ActiveCfg = Debug|iPhoneSimulator
		{699919D4-460E-4584-85A2-5685F8C7EE6B}.Debug|Any CPU.Build.0 = Debug|iPhoneSimulator
		{699919D4-460E-4584-85A2-5685F8C7EE6B}.Debug|Any CPU.Deploy.0 = Debug|iPhoneSimulator
		{699919D4-460E-4584-85A2-5685F8C7EE6B}.Debug|iPhone.ActiveCfg = Debug|iPhone
		{699919D4-460E-4584-85A2-5685F8C7EE6B}.Debug|iPhone.Build.0 = Debug|iPhone
		{699919D4-460E-4584-85A2-5685F8C7EE6B}.Debug|iPhone.Deploy.0 = Debug|iPhone
		{699919D4-460E-4584-85A2-5685F8C7EE6B}.Debug|iPhoneSimulator.ActiveCfg = Debug|iPhoneSimulator
		{699919D4-460E-4584-85A2-5685F8C7EE6B}.Debug|iPhoneSimulator.Build.0 = Debug|iPhoneSimulator
		{699919D4-460E-4584-85A2-5685F8C7EE6B}.Debug|iPhoneSimulator.Deploy.0 = Debug|iPhoneSimulator
		{699919D4-460E-4584-85A2-5685F8C7EE6B}.Release|Any CPU.ActiveCfg = Release|iPhone
		{699919D4-460E-4584-85A2-5685F8C7EE6B}.Release|Any CPU.Build.0 = Release|iPhone
		{699919D4-460E-4584-85A2-5685F8C7EE6B}.Release|Any CPU.Deploy.0 = Release|iPhone
		{699919D4-460E-4584-85A2-5685F8C7EE6B}.Release|iPhone.ActiveCfg = Release|iPhone
		{699919D4-460E-4584-85A2-5685F8C7EE6B}.Release|iPhone.Build.0 = Release|iPhone
		{699919D4-460E-4584-85A2-5685F8C7EE6B}.Release|iPhone.Deploy.0 = Release|iPhone
		{699919D4-460E-4584-85A2-5685F8C7EE6B}.Release|iPhoneSimulator.ActiveCfg = Release|iPhoneSimulator
		{699919D4-460E-4584-85A2-5685F8C7EE6B}.Release|iPhoneSimulator.Build.0 = Release|iPhoneSimulator
		{699919D4-460E-4584-85A2-5685F8C7EE6B}.Release|iPhoneSimulator.Deploy.0 = Release|iPhoneSimulator
		{8E04B17A-3E02-4AE6-9AFB-774E4D4DFE85}.Ad-Hoc|Any CPU.ActiveCfg = Debug|Any CPU
		{8E04B17A-3E02-4AE6-9AFB-774E4D4DFE85}.Ad-Hoc|Any CPU.Build.0 = Debug|Any CPU
		{8E04B17A-3E02-4AE6-9AFB-774E4D4DFE85}.Ad-Hoc|Any CPU.Deploy.0 = Debug|Any CPU
		{8E04B17A-3E02-4AE6-9AFB-774E4D4DFE85}.Ad-Hoc|iPhone.ActiveCfg = Debug|Any CPU
		{8E04B17A-3E02-4AE6-9AFB-774E4D4DFE85}.Ad-Hoc|iPhone.Build.0 = Debug|Any CPU
		{8E04B17A-3E02-4AE6-9AFB-774E4D4DFE85}.Ad-Hoc|iPhone.Deploy.0 = Debug|Any CPU
		{8E04B17A-3E02-4AE6-9AFB-774E4D4DFE85}.Ad-Hoc|iPhoneSimulator.ActiveCfg = Debug|Any CPU
		{8E04B17A-3E02-4AE6-9AFB-774E4D4DFE85}.Ad-Hoc|iPhoneSimulator.Build.0 = Debug|Any CPU
		{8E04B17A-3E02-4AE6-9AFB-774E4D4DFE85}.Ad-Hoc|iPhoneSimulator.Deploy.0 = Debug|Any CPU
		{8E04B17A-3E02-4AE6-9AFB-774E4D4DFE85}.AppStore|Any CPU.ActiveCfg = Debug|Any CPU
		{8E04B17A-3E02-4AE6-9AFB-774E4D4DFE85}.AppStore|Any CPU.Build.0 = Debug|Any CPU
		{8E04B17A-3E02-4AE6-9AFB-774E4D4DFE85}.AppStore|Any CPU.Deploy.0 = Debug|Any CPU
		{8E04B17A-3E02-4AE6-9AFB-774E4D4DFE85}.AppStore|iPhone.ActiveCfg = Debug|Any CPU
		{8E04B17A-3E02-4AE6-9AFB-774E4D4DFE85}.AppStore|iPhone.Build.0 = Debug|Any CPU
		{8E04B17A-3E02-4AE6-9AFB-774E4D4DFE85}.AppStore|iPhone.Deploy.0 = Debug|Any CPU
		{8E04B17A-3E02-4AE6-9AFB-774E4D4DFE85}.AppStore|iPhoneSimulator.ActiveCfg = Debug|Any CPU
		{8E04B17A-3E02-4AE6-9AFB-774E4D4DFE85}.AppStore|iPhoneSimulator.Build.0 = Debug|Any CPU
		{8E04B17A-3E02-4AE6-9AFB-774E4D4DFE85}.AppStore|iPhoneSimulator.Deploy.0 = Debug|Any CPU
		{8E04B17A-3E02-4AE6-9AFB-774E4D4DFE85}.Debug|Any CPU.ActiveCfg = Debug|Any CPU
		{8E04B17A-3E02-4AE6-9AFB-774E4D4DFE85}.Debug|Any CPU.Build.0 = Debug|Any CPU
		{8E04B17A-3E02-4AE6-9AFB-774E4D4DFE85}.Debug|Any CPU.Deploy.0 = Debug|Any CPU
		{8E04B17A-3E02-4AE6-9AFB-774E4D4DFE85}.Debug|iPhone.ActiveCfg = Debug|Any CPU
		{8E04B17A-3E02-4AE6-9AFB-774E4D4DFE85}.Debug|iPhone.Build.0 = Debug|Any CPU
		{8E04B17A-3E02-4AE6-9AFB-774E4D4DFE85}.Debug|iPhone.Deploy.0 = Debug|Any CPU
		{8E04B17A-3E02-4AE6-9AFB-774E4D4DFE85}.Debug|iPhoneSimulator.ActiveCfg = Debug|Any CPU
		{8E04B17A-3E02-4AE6-9AFB-774E4D4DFE85}.Debug|iPhoneSimulator.Build.0 = Debug|Any CPU
		{8E04B17A-3E02-4AE6-9AFB-774E4D4DFE85}.Debug|iPhoneSimulator.Deploy.0 = Debug|Any CPU
		{8E04B17A-3E02-4AE6-9AFB-774E4D4DFE85}.Release|Any CPU.ActiveCfg = Release|Any CPU
		{8E04B17A-3E02-4AE6-9AFB-774E4D4DFE85}.Release|Any CPU.Build.0 = Release|Any CPU
		{8E04B17A-3E02-4AE6-9AFB-774E4D4DFE85}.Release|Any CPU.Deploy.0 = Release|Any CPU
		{8E04B17A-3E02-4AE6-9AFB-774E4D4DFE85}.Release|iPhone.ActiveCfg = Release|Any CPU
		{8E04B17A-3E02-4AE6-9AFB-774E4D4DFE85}.Release|iPhone.Build.0 = Release|Any CPU
		{8E04B17A-3E02-4AE6-9AFB-774E4D4DFE85}.Release|iPhone.Deploy.0 = Release|Any CPU
		{8E04B17A-3E02-4AE6-9AFB-774E4D4DFE85}.Release|iPhoneSimulator.ActiveCfg = Release|Any CPU
		{8E04B17A-3E02-4AE6-9AFB-774E4D4DFE85}.Release|iPhoneSimulator.Build.0 = Release|Any CPU
		{8E04B17A-3E02-4AE6-9AFB-774E4D4DFE85}.Release|iPhoneSimulator.Deploy.0 = Release|Any CPU
	EndGlobalSection
	GlobalSection(SolutionProperties) = preSolution
		HideSolutionNode = FALSE
	EndGlobalSection
	GlobalSection(ExtensibilityGlobals) = postSolution
		SolutionGuid = {BF5CCFC8-D1C9-42CE-B4A8-69F78E9BE475}
	EndGlobalSection
EndGlobal
